// !$*UTF8*$!
{
	archiveVersion = 1;
	classes = {
	};
	objectVersion = 46;
	objects = {

/* Begin PBXBuildFile section */
		6D652CB915BF832200B1C00D /* UIKit.framework in Frameworks */ = {isa = PBXBuildFile; fileRef = 6D652CB815BF832200B1C00D /* UIKit.framework */; };
		6D652CBB15BF832200B1C00D /* Foundation.framework in Frameworks */ = {isa = PBXBuildFile; fileRef = 6D652CBA15BF832200B1C00D /* Foundation.framework */; };
		6D652CBD15BF832200B1C00D /* CoreGraphics.framework in Frameworks */ = {isa = PBXBuildFile; fileRef = 6D652CBC15BF832200B1C00D /* CoreGraphics.framework */; };
		6D652CC315BF832200B1C00D /* InfoPlist.strings in Resources */ = {isa = PBXBuildFile; fileRef = 6D652CC115BF832200B1C00D /* InfoPlist.strings */; };
		6D652CC515BF832200B1C00D /* main.m in Sources */ = {isa = PBXBuildFile; fileRef = 6D652CC415BF832200B1C00D /* main.m */; };
		6D652CC915BF832200B1C00D /* AppDelegate.m in Sources */ = {isa = PBXBuildFile; fileRef = 6D652CC815BF832200B1C00D /* AppDelegate.m */; };
		6D652CCC15BF832200B1C00D /* MainStoryboard_iPhone.storyboard in Resources */ = {isa = PBXBuildFile; fileRef = 6D652CCA15BF832200B1C00D /* MainStoryboard_iPhone.storyboard */; };
		6D652CCF15BF832200B1C00D /* MainStoryboard_iPad.storyboard in Resources */ = {isa = PBXBuildFile; fileRef = 6D652CCD15BF832200B1C00D /* MainStoryboard_iPad.storyboard */; };
		6D652CD215BF832200B1C00D /* ViewController.m in Sources */ = {isa = PBXBuildFile; fileRef = 6D652CD115BF832200B1C00D /* ViewController.m */; };
/* End PBXBuildFile section */

/* Begin PBXFileReference section */
		6D652CB415BF832200B1C00D /* SingleViewApp.app */ = {isa = PBXFileReference; explicitFileType = wrapper.application; includeInIndex = 0; path = SingleViewApp.app; sourceTree = BUILT_PRODUCTS_DIR; };
		6D652CB815BF832200B1C00D /* UIKit.framework */ = {isa = PBXFileReference; lastKnownFileType = wrapper.framework; name = UIKit.framework; path = System/Library/Frameworks/UIKit.framework; sourceTree = SDKROOT; };
		6D652CBA15BF832200B1C00D /* Foundation.framework */ = {isa = PBXFileReference; lastKnownFileType = wrapper.framework; name = Foundation.framework; path = System/Library/Frameworks/Foundation.framework; sourceTree = SDKROOT; };
		6D652CBC15BF832200B1C00D /* CoreGraphics.framework */ = {isa = PBXFileReference; lastKnownFileType = wrapper.framework; name = CoreGraphics.framework; path = System/Library/Frameworks/CoreGraphics.framework; sourceTree = SDKROOT; };
		6D652CC015BF832200B1C00D /* SingleViewApp-Info.plist */ = {isa = PBXFileReference; path = "SingleViewApp-Info.plist"; sourceTree = "<group>"; };
		6D652CC215BF832200B1C00D /* en */ = {isa = PBXFileReference; lastKnownFileType = text.plist.strings; name = en; path = en.lproj/InfoPlist.strings; sourceTree = "<group>"; };
		6D652CC415BF832200B1C00D /* main.m */ = {isa = PBXFileReference; lastKnownFileType = sourcecode.c.objc; path = main.m; sourceTree = "<group>"; };
		6D652CC615BF832200B1C00D /* SingleViewApp-Prefix.pch */ = {isa = PBXFileReference; path = "SingleViewApp-Prefix.pch"; sourceTree = "<group>"; };
		6D652CC715BF832200B1C00D /* AppDelegate.h */ = {isa = PBXFileReference; path = AppDelegate.h; sourceTree = "<group>"; };
		6D652CC815BF832200B1C00D /* AppDelegate.m */ = {isa = PBXFileReference; lastKnownFileType = sourcecode.c.objc; path = AppDelegate.m; sourceTree = "<group>"; };
		6D652CCB15BF832200B1C00D /* en */ = {isa = PBXFileReference; lastKnownFileType = file.storyboard; name = en; path = en.lproj/MainStoryboard_iPhone.storyboard; sourceTree = "<group>"; };
		6D652CCE15BF832200B1C00D /* en */ = {isa = PBXFileReference; lastKnownFileType = file.storyboard; name = en; path = en.lproj/MainStoryboard_iPad.storyboard; sourceTree = "<group>"; };
		6D652CD015BF832200B1C00D /* ViewController.h */ = {isa = PBXFileReference; path = ViewController.h; sourceTree = "<group>"; };
		6D652CD115BF832200B1C00D /* ViewController.m */ = {isa = PBXFileReference; lastKnownFileType = sourcecode.c.objc; path = ViewController.m; sourceTree = "<group>"; };
/* End PBXFileReference section */

/* Begin PBXFrameworksBuildPhase section */
		6D652CB115BF832200B1C00D /* Frameworks */ = {
			isa = PBXFrameworksBuildPhase;
			buildActionMask = 2147483647;
			files = (
				6D652CB915BF832200B1C00D /* UIKit.framework in Frameworks */,
				6D652CBB15BF832200B1C00D /* Foundation.framework in Frameworks */,
				6D652CBD15BF832200B1C00D /* CoreGraphics.framework in Frameworks */,
			);
			runOnlyForDeploymentPostprocessing = 0;
		};
/* End PBXFrameworksBuildPhase section */

/* Begin PBXGroup section */
		6D652CA915BF832200B1C00D = {
			isa = PBXGroup;
			children = (
				6D652CBE15BF832200B1C00D /* SingleViewApp */,
				6D652CB715BF832200B1C00D /* Frameworks */,
				6D652CB515BF832200B1C00D /* Products */,
			);
			sourceTree = "<group>";
		};
		6D652CB515BF832200B1C00D /* Products */ = {
			isa = PBXGroup;
			children = (
				6D652CB415BF832200B1C00D /* SingleViewApp.app */,
			);
			name = Products;
			sourceTree = "<group>";
		};
		6D652CB715BF832200B1C00D /* Frameworks */ = {
			isa = PBXGroup;
			children = (
				6D652CB815BF832200B1C00D /* UIKit.framework */,
				6D652CBA15BF832200B1C00D /* Foundation.framework */,
				6D652CBC15BF832200B1C00D /* CoreGraphics.framework */,
			);
			name = Frameworks;
			sourceTree = "<group>";
		};
		6D652CBE15BF832200B1C00D /* SingleViewApp */ = {
			isa = PBXGroup;
			children = (
				6D652CC715BF832200B1C00D /* AppDelegate.h */,
				6D652CC815BF832200B1C00D /* AppDelegate.m */,
				6D652CCA15BF832200B1C00D /* MainStoryboard_iPhone.storyboard */,
				6D652CCD15BF832200B1C00D /* MainStoryboard_iPad.storyboard */,
				6D652CD015BF832200B1C00D /* ViewController.h */,
				6D652CD115BF832200B1C00D /* ViewController.m */,
				6D652CBF15BF832200B1C00D /* Supporting Files */,
			);
			path = SingleViewApp;
			sourceTree = "<group>";
		};
		6D652CBF15BF832200B1C00D /* Supporting Files */ = {
			isa = PBXGroup;
			children = (
				6D652CC015BF832200B1C00D /* SingleViewApp-Info.plist */,
				6D652CC115BF832200B1C00D /* InfoPlist.strings */,
				6D652CC415BF832200B1C00D /* main.m */,
				6D652CC615BF832200B1C00D /* SingleViewApp-Prefix.pch */,
			);
			name = "Supporting Files";
			sourceTree = "<group>";
		};
/* End PBXGroup section */

/* Begin PBXNativeTarget section */
		6D652CB315BF832200B1C00D /* SingleViewApp */ = {
			isa = PBXNativeTarget;
			buildConfigurationList = 6D652CD515BF832200B1C00D /* Build configuration list for PBXNativeTarget "SingleViewApp" */;
			buildPhases = (
				6D652CB015BF832200B1C00D /* Sources */,
				6D652CB115BF832200B1C00D /* Frameworks */,
				6D652CB215BF832200B1C00D /* Resources */,
			);
			buildRules = (
			);
			dependencies = (
			);
			name = SingleViewApp;
			productName = SingleViewApp;
			productReference = 6D652CB415BF832200B1C00D /* SingleViewApp.app */;
			productType = "com.apple.product-type.application";
		};
/* End PBXNativeTarget section */

/* Begin PBXProject section */
		6D652CAB15BF832200B1C00D /* Project object */ = {
			isa = PBXProject;
			attributes = {
				LastUpgradeCheck = 0430;
			};
			buildConfigurationList = 6D652CAE15BF832200B1C00D /* Build configuration list for PBXProject "SingleViewApp" */;
			compatibilityVersion = "Xcode 3.2";
			developmentRegion = English;
			hasScannedForEncodings = 0;
			knownRegions = (
				en,
			);
			mainGroup = 6D652CA915BF832200B1C00D;
			productRefGroup = 6D652CB515BF832200B1C00D /* Products */;
			projectDirPath = "";
			projectRoot = "";
			targets = (
				6D652CB315BF832200B1C00D /* SingleViewApp */,
			);
		};
/* End PBXProject section */

/* Begin PBXResourcesBuildPhase section */
		6D652CB215BF832200B1C00D /* Resources */ = {
			isa = PBXResourcesBuildPhase;
			buildActionMask = 2147483647;
			files = (
				6D652CC315BF832200B1C00D /* InfoPlist.strings in Resources */,
				6D652CCC15BF832200B1C00D /* MainStoryboard_iPhone.storyboard in Resources */,
				6D652CCF15BF832200B1C00D /* MainStoryboard_iPad.storyboard in Resources */,
			);
			runOnlyForDeploymentPostprocessing = 0;
		};
/* End PBXResourcesBuildPhase section */

/* Begin PBXSourcesBuildPhase section */
		6D652CB015BF832200B1C00D /* Sources */ = {
			isa = PBXSourcesBuildPhase;
			buildActionMask = 2147483647;
			files = (
				6D652CC515BF832200B1C00D /* main.m in Sources */,
				6D652CC915BF832200B1C00D /* AppDelegate.m in Sources */,
				6D652CD215BF832200B1C00D /* ViewController.m in Sources */,
			);
			runOnlyForDeploymentPostprocessing = 0;
		};
/* End PBXSourcesBuildPhase section */

/* Begin PBXVariantGroup section */
		6D652CC115BF832200B1C00D /* InfoPlist.strings */ = {
			isa = PBXVariantGroup;
			children = (
				6D652CC215BF832200B1C00D /* en */,
			);
			name = InfoPlist.strings;
			sourceTree = "<group>";
		};
		6D652CCA15BF832200B1C00D /* MainStoryboard_iPhone.storyboard */ = {
			isa = PBXVariantGroup;
			children = (
				6D652CCB15BF832200B1C00D /* en */,
			);
			name = MainStoryboard_iPhone.storyboard;
			sourceTree = "<group>";
		};
		6D652CCD15BF832200B1C00D /* MainStoryboard_iPad.storyboard */ = {
			isa = PBXVariantGroup;
			children = (
				6D652CCE15BF832200B1C00D /* en */,
			);
			name = MainStoryboard_iPad.storyboard;
			sourceTree = "<group>";
		};
/* End PBXVariantGroup section */

/* Begin XCBuildConfiguration section */
		6D652CD315BF832200B1C00D /* Debug */ = {
			isa = XCBuildConfiguration;
			buildSettings = {
				ALWAYS_SEARCH_USER_PATHS = NO;
				ARCHS = "$(ARCHS_STANDARD_32_BIT)";
				CLANG_ENABLE_OBJC_ARC = YES;
				"CODE_SIGN_IDENTITY[sdk=iphoneos*]" = "iPhone Developer";
				COPY_PHASE_STRIP = NO;
				GCC_C_LANGUAGE_STANDARD = gnu99;
				GCC_DYNAMIC_NO_PIC = NO;
				GCC_OPTIMIZATION_LEVEL = 0;
				GCC_PREPROCESSOR_DEFINITIONS = (
					"DEBUG=1",
					"$(inherited)",
				);
				GCC_SYMBOLS_PRIVATE_EXTERN = NO;
				GCC_VERSION = com.apple.compilers.llvm.clang.1_0;
				GCC_WARN_ABOUT_RETURN_TYPE = YES;
				GCC_WARN_UNINITIALIZED_AUTOS = YES;
				GCC_WARN_UNUSED_VARIABLE = YES;
				IPHONEOS_DEPLOYMENT_TARGET = 5.1;
				SDKROOT = iphoneos;
				TARGETED_DEVICE_FAMILY = "1,2";
			};
			name = Debug;
		};
		6D652CD415BF832200B1C00D /* Release */ = {
			isa = XCBuildConfiguration;
			buildSettings = {
				ALWAYS_SEARCH_USER_PATHS = NO;
				ARCHS = "$(ARCHS_STANDARD_32_BIT)";
				CLANG_ENABLE_OBJC_ARC = YES;
				"CODE_SIGN_IDENTITY[sdk=iphoneos*]" = "iPhone Developer";
				COPY_PHASE_STRIP = YES;
				GCC_C_LANGUAGE_STANDARD = gnu99;
				GCC_VERSION = com.apple.compilers.llvm.clang.1_0;
				GCC_WARN_ABOUT_RETURN_TYPE = YES;
				GCC_WARN_UNINITIALIZED_AUTOS = YES;
				GCC_WARN_UNUSED_VARIABLE = YES;
				IPHONEOS_DEPLOYMENT_TARGET = 5.1;
				OTHER_CFLAGS = "-DNS_BLOCK_ASSERTIONS=1";
				SDKROOT = iphoneos;
				TARGETED_DEVICE_FAMILY = "1,2";
				VALIDATE_PRODUCT = YES;
			};
			name = Release;
		};
		6D652CD615BF832200B1C00D /* Debug */ = {
			isa = XCBuildConfiguration;
			buildSettings = {
				GCC_PRECOMPILE_PREFIX_HEADER = YES;
				GCC_PREFIX_HEADER = "SingleViewApp/SingleViewApp-Prefix.pch";
				INFOPLIST_FILE = "SingleViewApp/SingleViewApp-Info.plist";
				PRODUCT_NAME = "$(TARGET_NAME)";
				WRAPPER_EXTENSION = app;
			};
			name = Debug;
		};
		6D652CD715BF832200B1C00D /* Release */ = {
			isa = XCBuildConfiguration;
			buildSettings = {
				GCC_PRECOMPILE_PREFIX_HEADER = YES;
				GCC_PREFIX_HEADER = "SingleViewApp/SingleViewApp-Prefix.pch";
				INFOPLIST_FILE = "SingleViewApp/SingleViewApp-Info.plist";
				PRODUCT_NAME = "$(TARGET_NAME)";
				WRAPPER_EXTENSION = app;
			};
			name = Release;
		};
/* End XCBuildConfiguration section */

/* Begin XCConfigurationList section */
		6D652CAE15BF832200B1C00D /* Build configuration list for PBXProject "SingleViewApp" */ = {
			isa = XCConfigurationList;
			buildConfigurations = (
				6D652CD315BF832200B1C00D /* Debug */,
				6D652CD415BF832200B1C00D /* Release */,
			);
			defaultConfigurationIsVisible = 0;
			defaultConfigurationName = Release;
		};
		6D652CD515BF832200B1C00D /* Build configuration list for PBXNativeTarget "SingleViewApp" */ = {
			isa = XCConfigurationList;
			buildConfigurations = (
				6D652CD615BF832200B1C00D /* Debug */,
				6D652CD715BF832200B1C00D /* Release */,
			);
			defaultConfigurationIsVisible = 0;
		};
/* End XCConfigurationList section */
	};
	rootObject = 6D652CAB15BF832200B1C00D /* Project object */;
}
